// !$*UTF8*$!
{
	archiveVersion = 1;
	classes = {
	};
	objectVersion = 46;
	objects = {

/* Begin PBXBuildFile section */
		6ECAF0AD6DD8279BE7EA5136 /* Pods_GitHubStatus.framework in Frameworks */ = {isa = PBXBuildFile; fileRef = 84177B7A59CD838DEAE93C93 /* Pods_GitHubStatus.framework */; };
		9FBF40F81E55E349008688B0 /* AppDelegate.swift in Sources */ = {isa = PBXBuildFile; fileRef = 9FBF40F71E55E349008688B0 /* AppDelegate.swift */; };
		9FBF40FA1E55E349008688B0 /* ViewController.swift in Sources */ = {isa = PBXBuildFile; fileRef = 9FBF40F91E55E349008688B0 /* ViewController.swift */; };
		9FBF40FD1E55E349008688B0 /* Main.storyboard in Resources */ = {isa = PBXBuildFile; fileRef = 9FBF40FB1E55E349008688B0 /* Main.storyboard */; };
		9FBF41001E55E349008688B0 /* GitHubStatus.xcdatamodeld in Sources */ = {isa = PBXBuildFile; fileRef = 9FBF40FE1E55E349008688B0 /* GitHubStatus.xcdatamodeld */; };
		9FBF41021E55E349008688B0 /* Assets.xcassets in Resources */ = {isa = PBXBuildFile; fileRef = 9FBF41011E55E349008688B0 /* Assets.xcassets */; };
		9FBF41051E55E349008688B0 /* LaunchScreen.storyboard in Resources */ = {isa = PBXBuildFile; fileRef = 9FBF41031E55E349008688B0 /* LaunchScreen.storyboard */; };
		9FBF41101E55E349008688B0 /* GitHubStatusTests.swift in Sources */ = {isa = PBXBuildFile; fileRef = 9FBF410F1E55E349008688B0 /* GitHubStatusTests.swift */; };
		9FBF411B1E55E349008688B0 /* GitHubStatusUITests.swift in Sources */ = {isa = PBXBuildFile; fileRef = 9FBF411A1E55E349008688B0 /* GitHubStatusUITests.swift */; };
		9FC4F58F1E55E85A00AA5A05 /* Alamofire.framework in Frameworks */ = {isa = PBXBuildFile; fileRef = 9FC4F58E1E55E85A00AA5A05 /* Alamofire.framework */; };
		A54FCC8BC540DA65AFC5CF12 /* Pods_GitHubStatusTests.framework in Frameworks */ = {isa = PBXBuildFile; fileRef = 4A039C109FC3BDB29E0E8C63 /* Pods_GitHubStatusTests.framework */; };
		D8F96A09B20102EA3E03096C /* Pods_GitHubStatusUITests.framework in Frameworks */ = {isa = PBXBuildFile; fileRef = 4C50A241F795E270A8F13120 /* Pods_GitHubStatusUITests.framework */; };
/* End PBXBuildFile section */

/* Begin PBXContainerItemProxy section */
		9FBF410C1E55E349008688B0 /* PBXContainerItemProxy */ = {
			isa = PBXContainerItemProxy;
			containerPortal = 9FBF40EC1E55E349008688B0 /* Project object */;
			proxyType = 1;
			remoteGlobalIDString = 9FBF40F31E55E349008688B0;
			remoteInfo = GitHubStatus;
		};
		9FBF41171E55E349008688B0 /* PBXContainerItemProxy */ = {
			isa = PBXContainerItemProxy;
			containerPortal = 9FBF40EC1E55E349008688B0 /* Project object */;
			proxyType = 1;
			remoteGlobalIDString = 9FBF40F31E55E349008688B0;
			remoteInfo = GitHubStatus;
		};
/* End PBXContainerItemProxy section */

/* Begin PBXFileReference section */
		0EEF84CB6AA64B91FBE821AE /* Pods-GitHubStatusTests.release.xcconfig */ = {isa = PBXFileReference; includeInIndex = 1; lastKnownFileType = text.xcconfig; name = "Pods-GitHubStatusTests.release.xcconfig"; path = "Pods/Target Support Files/Pods-GitHubStatusTests/Pods-GitHubStatusTests.release.xcconfig"; sourceTree = "<group>"; };
		425D83490898FBD6A07B6C17 /* Pods-GitHubStatus.release.xcconfig */ = {isa = PBXFileReference; includeInIndex = 1; lastKnownFileType = text.xcconfig; name = "Pods-GitHubStatus.release.xcconfig"; path = "Pods/Target Support Files/Pods-GitHubStatus/Pods-GitHubStatus.release.xcconfig"; sourceTree = "<group>"; };
		49FF4567D45B87F390A791FC /* Pods-GitHubStatusUITests.release.xcconfig */ = {isa = PBXFileReference; includeInIndex = 1; lastKnownFileType = text.xcconfig; name = "Pods-GitHubStatusUITests.release.xcconfig"; path = "Pods/Target Support Files/Pods-GitHubStatusUITests/Pods-GitHubStatusUITests.release.xcconfig"; sourceTree = "<group>"; };
		4A039C109FC3BDB29E0E8C63 /* Pods_GitHubStatusTests.framework */ = {isa = PBXFileReference; explicitFileType = wrapper.framework; includeInIndex = 0; path = Pods_GitHubStatusTests.framework; sourceTree = BUILT_PRODUCTS_DIR; };
		4C50A241F795E270A8F13120 /* Pods_GitHubStatusUITests.framework */ = {isa = PBXFileReference; explicitFileType = wrapper.framework; includeInIndex = 0; path = Pods_GitHubStatusUITests.framework; sourceTree = BUILT_PRODUCTS_DIR; };
		84177B7A59CD838DEAE93C93 /* Pods_GitHubStatus.framework */ = {isa = PBXFileReference; explicitFileType = wrapper.framework; includeInIndex = 0; path = Pods_GitHubStatus.framework; sourceTree = BUILT_PRODUCTS_DIR; };
		9474EA209C54A8636522C881 /* Pods-GitHubStatusUITests.debug.xcconfig */ = {isa = PBXFileReference; includeInIndex = 1; lastKnownFileType = text.xcconfig; name = "Pods-GitHubStatusUITests.debug.xcconfig"; path = "Pods/Target Support Files/Pods-GitHubStatusUITests/Pods-GitHubStatusUITests.debug.xcconfig"; sourceTree = "<group>"; };
		9706AC9D5B8E3109C01BDF94 /* Pods-GitHubStatus.debug.xcconfig */ = {isa = PBXFileReference; includeInIndex = 1; lastKnownFileType = text.xcconfig; name = "Pods-GitHubStatus.debug.xcconfig"; path = "Pods/Target Support Files/Pods-GitHubStatus/Pods-GitHubStatus.debug.xcconfig"; sourceTree = "<group>"; };
		9F23C5771E55E6F4003499D6 /* AFNetworking.framework */ = {isa = PBXFileReference; lastKnownFileType = wrapper.framework; name = AFNetworking.framework; path = "Pods/../build/Debug-iphoneos/AFNetworking/AFNetworking.framework"; sourceTree = "<group>"; };
		9FBF40F41E55E349008688B0 /* GitHubStatus.app */ = {isa = PBXFileReference; explicitFileType = wrapper.application; includeInIndex = 0; path = GitHubStatus.app; sourceTree = BUILT_PRODUCTS_DIR; };
		9FBF40F71E55E349008688B0 /* AppDelegate.swift */ = {isa = PBXFileReference; lastKnownFileType = sourcecode.swift; path = AppDelegate.swift; sourceTree = "<group>"; };
		9FBF40F91E55E349008688B0 /* ViewController.swift */ = {isa = PBXFileReference; lastKnownFileType = sourcecode.swift; path = ViewController.swift; sourceTree = "<group>"; };
		9FBF40FC1E55E349008688B0 /* Base */ = {isa = PBXFileReference; lastKnownFileType = file.storyboard; name = Base; path = Base.lproj/Main.storyboard; sourceTree = "<group>"; };
		9FBF40FF1E55E349008688B0 /* GitHubStatus.xcdatamodel */ = {isa = PBXFileReference; lastKnownFileType = wrapper.xcdatamodel; path = GitHubStatus.xcdatamodel; sourceTree = "<group>"; };
		9FBF41011E55E349008688B0 /* Assets.xcassets */ = {isa = PBXFileReference; lastKnownFileType = folder.assetcatalog; path = Assets.xcassets; sourceTree = "<group>"; };
		9FBF41041E55E349008688B0 /* Base */ = {isa = PBXFileReference; lastKnownFileType = file.storyboard; name = Base; path = Base.lproj/LaunchScreen.storyboard; sourceTree = "<group>"; };
		9FBF41061E55E349008688B0 /* Info.plist */ = {isa = PBXFileReference; lastKnownFileType = text.plist.xml; path = Info.plist; sourceTree = "<group>"; };
		9FBF410B1E55E349008688B0 /* GitHubStatusTests.xctest */ = {isa = PBXFileReference; explicitFileType = wrapper.cfbundle; includeInIndex = 0; path = GitHubStatusTests.xctest; sourceTree = BUILT_PRODUCTS_DIR; };
		9FBF410F1E55E349008688B0 /* GitHubStatusTests.swift */ = {isa = PBXFileReference; lastKnownFileType = sourcecode.swift; path = GitHubStatusTests.swift; sourceTree = "<group>"; };
		9FBF41111E55E349008688B0 /* Info.plist */ = {isa = PBXFileReference; lastKnownFileType = text.plist.xml; path = Info.plist; sourceTree = "<group>"; };
		9FBF41161E55E349008688B0 /* GitHubStatusUITests.xctest */ = {isa = PBXFileReference; explicitFileType = wrapper.cfbundle; includeInIndex = 0; path = GitHubStatusUITests.xctest; sourceTree = BUILT_PRODUCTS_DIR; };
		9FBF411A1E55E349008688B0 /* GitHubStatusUITests.swift */ = {isa = PBXFileReference; lastKnownFileType = sourcecode.swift; path = GitHubStatusUITests.swift; sourceTree = "<group>"; };
		9FBF411C1E55E349008688B0 /* Info.plist */ = {isa = PBXFileReference; lastKnownFileType = text.plist.xml; path = Info.plist; sourceTree = "<group>"; };
		9FC4F58E1E55E85A00AA5A05 /* Alamofire.framework */ = {isa = PBXFileReference; lastKnownFileType = wrapper.framework; name = Alamofire.framework; path = "../../../../Library/Developer/Xcode/DerivedData/GitHubStatus-eqfukfzpbbvplogobhdbscvsrdti/Build/Products/Debug-iphonesimulator/Alamofire/Alamofire.framework"; sourceTree = "<group>"; };
		B883FAE050F6EDD2714C50D1 /* Pods-GitHubStatusTests.debug.xcconfig */ = {isa = PBXFileReference; includeInIndex = 1; lastKnownFileType = text.xcconfig; name = "Pods-GitHubStatusTests.debug.xcconfig"; path = "Pods/Target Support Files/Pods-GitHubStatusTests/Pods-GitHubStatusTests.debug.xcconfig"; sourceTree = "<group>"; };
/* End PBXFileReference section */

/* Begin PBXFrameworksBuildPhase section */
		9FBF40F11E55E349008688B0 /* Frameworks */ = {
			isa = PBXFrameworksBuildPhase;
			buildActionMask = 2147483647;
			files = (
				9FC4F58F1E55E85A00AA5A05 /* Alamofire.framework in Frameworks */,
				6ECAF0AD6DD8279BE7EA5136 /* Pods_GitHubStatus.framework in Frameworks */,
			);
			runOnlyForDeploymentPostprocessing = 0;
		};
		9FBF41081E55E349008688B0 /* Frameworks */ = {
			isa = PBXFrameworksBuildPhase;
			buildActionMask = 2147483647;
			files = (
				A54FCC8BC540DA65AFC5CF12 /* Pods_GitHubStatusTests.framework in Frameworks */,
			);
			runOnlyForDeploymentPostprocessing = 0;
		};
		9FBF41131E55E349008688B0 /* Frameworks */ = {
			isa = PBXFrameworksBuildPhase;
			buildActionMask = 2147483647;
			files = (
				D8F96A09B20102EA3E03096C /* Pods_GitHubStatusUITests.framework in Frameworks */,
			);
			runOnlyForDeploymentPostprocessing = 0;
		};
/* End PBXFrameworksBuildPhase section */

/* Begin PBXGroup section */
		5C2A7C943EA0C48D3C288970 /* Pods */ = {
			isa = PBXGroup;
			children = (
				9706AC9D5B8E3109C01BDF94 /* Pods-GitHubStatus.debug.xcconfig */,
				425D83490898FBD6A07B6C17 /* Pods-GitHubStatus.release.xcconfig */,
				B883FAE050F6EDD2714C50D1 /* Pods-GitHubStatusTests.debug.xcconfig */,
				0EEF84CB6AA64B91FBE821AE /* Pods-GitHubStatusTests.release.xcconfig */,
				9474EA209C54A8636522C881 /* Pods-GitHubStatusUITests.debug.xcconfig */,
				49FF4567D45B87F390A791FC /* Pods-GitHubStatusUITests.release.xcconfig */,
			);
			name = Pods;
			sourceTree = "<group>";
		};
		9FBF40EB1E55E349008688B0 = {
			isa = PBXGroup;
			children = (
				9FBF40F61E55E349008688B0 /* GitHubStatus */,
				9FBF410E1E55E349008688B0 /* GitHubStatusTests */,
				9FBF41191E55E349008688B0 /* GitHubStatusUITests */,
				9FBF40F51E55E349008688B0 /* Products */,
				5C2A7C943EA0C48D3C288970 /* Pods */,
				CFD9B345C614F0F678826C2F /* Frameworks */,
			);
			sourceTree = "<group>";
		};
		9FBF40F51E55E349008688B0 /* Products */ = {
			isa = PBXGroup;
			children = (
				9FBF40F41E55E349008688B0 /* GitHubStatus.app */,
				9FBF410B1E55E349008688B0 /* GitHubStatusTests.xctest */,
				9FBF41161E55E349008688B0 /* GitHubStatusUITests.xctest */,
			);
			name = Products;
			sourceTree = "<group>";
		};
		9FBF40F61E55E349008688B0 /* GitHubStatus */ = {
			isa = PBXGroup;
			children = (
				9FBF40F71E55E349008688B0 /* AppDelegate.swift */,
				9FBF40F91E55E349008688B0 /* ViewController.swift */,
				9FBF40FB1E55E349008688B0 /* Main.storyboard */,
				9FBF41011E55E349008688B0 /* Assets.xcassets */,
				9FBF41031E55E349008688B0 /* LaunchScreen.storyboard */,
				9FBF41061E55E349008688B0 /* Info.plist */,
				9FBF40FE1E55E349008688B0 /* GitHubStatus.xcdatamodeld */,
			);
			path = GitHubStatus;
			sourceTree = "<group>";
		};
		9FBF410E1E55E349008688B0 /* GitHubStatusTests */ = {
			isa = PBXGroup;
			children = (
				9FBF410F1E55E349008688B0 /* GitHubStatusTests.swift */,
				9FBF41111E55E349008688B0 /* Info.plist */,
			);
			path = GitHubStatusTests;
			sourceTree = "<group>";
		};
		9FBF41191E55E349008688B0 /* GitHubStatusUITests */ = {
			isa = PBXGroup;
			children = (
				9FBF411A1E55E349008688B0 /* GitHubStatusUITests.swift */,
				9FBF411C1E55E349008688B0 /* Info.plist */,
			);
			path = GitHubStatusUITests;
			sourceTree = "<group>";
		};
		CFD9B345C614F0F678826C2F /* Frameworks */ = {
			isa = PBXGroup;
			children = (
				9FC4F58E1E55E85A00AA5A05 /* Alamofire.framework */,
				9F23C5771E55E6F4003499D6 /* AFNetworking.framework */,
				84177B7A59CD838DEAE93C93 /* Pods_GitHubStatus.framework */,
				4A039C109FC3BDB29E0E8C63 /* Pods_GitHubStatusTests.framework */,
				4C50A241F795E270A8F13120 /* Pods_GitHubStatusUITests.framework */,
			);
			name = Frameworks;
			sourceTree = "<group>";
		};
/* End PBXGroup section */

/* Begin PBXNativeTarget section */
		9FBF40F31E55E349008688B0 /* GitHubStatus */ = {
			isa = PBXNativeTarget;
			buildConfigurationList = 9FBF411F1E55E349008688B0 /* Build configuration list for PBXNativeTarget "GitHubStatus" */;
			buildPhases = (
				43146745CFB3B92DC68EA273 /* [CP] Check Pods Manifest.lock */,
				9FBF40F01E55E349008688B0 /* Sources */,
				9FBF40F11E55E349008688B0 /* Frameworks */,
				9FBF40F21E55E349008688B0 /* Resources */,
				18B7474AF287FCFA3AC4685D /* [CP] Embed Pods Frameworks */,
				3BFC0AEF7A5B72B3B3F84326 /* [CP] Copy Pods Resources */,
			);
			buildRules = (
			);
			dependencies = (
			);
			name = GitHubStatus;
			productName = GitHubStatus;
			productReference = 9FBF40F41E55E349008688B0 /* GitHubStatus.app */;
			productType = "com.apple.product-type.application";
		};
		9FBF410A1E55E349008688B0 /* GitHubStatusTests */ = {
			isa = PBXNativeTarget;
			buildConfigurationList = 9FBF41221E55E349008688B0 /* Build configuration list for PBXNativeTarget "GitHubStatusTests" */;
			buildPhases = (
				17D0CCFBBB3B17F3726C243F /* [CP] Check Pods Manifest.lock */,
				9FBF41071E55E349008688B0 /* Sources */,
				9FBF41081E55E349008688B0 /* Frameworks */,
				9FBF41091E55E349008688B0 /* Resources */,
				E18CC29D859ACEF667F98BD3 /* [CP] Embed Pods Frameworks */,
				1C0A603D8B6A4A4E7B6523D1 /* [CP] Copy Pods Resources */,
			);
			buildRules = (
			);
			dependencies = (
				9FBF410D1E55E349008688B0 /* PBXTargetDependency */,
			);
			name = GitHubStatusTests;
			productName = GitHubStatusTests;
			productReference = 9FBF410B1E55E349008688B0 /* GitHubStatusTests.xctest */;
			productType = "com.apple.product-type.bundle.unit-test";
		};
		9FBF41151E55E349008688B0 /* GitHubStatusUITests */ = {
			isa = PBXNativeTarget;
			buildConfigurationList = 9FBF41251E55E349008688B0 /* Build configuration list for PBXNativeTarget "GitHubStatusUITests" */;
			buildPhases = (
				AF4678F0CE2BA19B7C00DBEE /* [CP] Check Pods Manifest.lock */,
				9FBF41121E55E349008688B0 /* Sources */,
				9FBF41131E55E349008688B0 /* Frameworks */,
				9FBF41141E55E349008688B0 /* Resources */,
				07AD8EBA3FF74C2869093989 /* [CP] Embed Pods Frameworks */,
				E6D2B59429DCBF439127C0B4 /* [CP] Copy Pods Resources */,
			);
			buildRules = (
			);
			dependencies = (
				9FBF41181E55E349008688B0 /* PBXTargetDependency */,
			);
			name = GitHubStatusUITests;
			productName = GitHubStatusUITests;
			productReference = 9FBF41161E55E349008688B0 /* GitHubStatusUITests.xctest */;
			productType = "com.apple.product-type.bundle.ui-testing";
		};
/* End PBXNativeTarget section */

/* Begin PBXProject section */
		9FBF40EC1E55E349008688B0 /* Project object */ = {
			isa = PBXProject;
			attributes = {
				LastSwiftUpdateCheck = 0820;
				LastUpgradeCheck = 0820;
				ORGANIZATIONNAME = "Thomas Prezioso";
				TargetAttributes = {
					9FBF40F31E55E349008688B0 = {
						CreatedOnToolsVersion = 8.2.1;
						DevelopmentTeam = 6JBM5ZNF6C;
						ProvisioningStyle = Automatic;
					};
					9FBF410A1E55E349008688B0 = {
						CreatedOnToolsVersion = 8.2.1;
						DevelopmentTeam = 6JBM5ZNF6C;
						ProvisioningStyle = Automatic;
						TestTargetID = 9FBF40F31E55E349008688B0;
					};
					9FBF41151E55E349008688B0 = {
						CreatedOnToolsVersion = 8.2.1;
						DevelopmentTeam = 6JBM5ZNF6C;
						ProvisioningStyle = Automatic;
						TestTargetID = 9FBF40F31E55E349008688B0;
					};
				};
			};
			buildConfigurationList = 9FBF40EF1E55E349008688B0 /* Build configuration list for PBXProject "GitHubStatus" */;
			compatibilityVersion = "Xcode 3.2";
			developmentRegion = English;
			hasScannedForEncodings = 0;
			knownRegions = (
				en,
				Base,
			);
			mainGroup = 9FBF40EB1E55E349008688B0;
			productRefGroup = 9FBF40F51E55E349008688B0 /* Products */;
			projectDirPath = "";
			projectRoot = "";
			targets = (
				9FBF40F31E55E349008688B0 /* GitHubStatus */,
				9FBF410A1E55E349008688B0 /* GitHubStatusTests */,
				9FBF41151E55E349008688B0 /* GitHubStatusUITests */,
			);
		};
/* End PBXProject section */

/* Begin PBXResourcesBuildPhase section */
		9FBF40F21E55E349008688B0 /* Resources */ = {
			isa = PBXResourcesBuildPhase;
			buildActionMask = 2147483647;
			files = (
				9FBF41051E55E349008688B0 /* LaunchScreen.storyboard in Resources */,
				9FBF41021E55E349008688B0 /* Assets.xcassets in Resources */,
				9FBF40FD1E55E349008688B0 /* Main.storyboard in Resources */,
			);
			runOnlyForDeploymentPostprocessing = 0;
		};
		9FBF41091E55E349008688B0 /* Resources */ = {
			isa = PBXResourcesBuildPhase;
			buildActionMask = 2147483647;
			files = (
			);
			runOnlyForDeploymentPostprocessing = 0;
		};
		9FBF41141E55E349008688B0 /* Resources */ = {
			isa = PBXResourcesBuildPhase;
			buildActionMask = 2147483647;
			files = (
			);
			runOnlyForDeploymentPostprocessing = 0;
		};
/* End PBXResourcesBuildPhase section */

/* Begin PBXShellScriptBuildPhase section */
		07AD8EBA3FF74C2869093989 /* [CP] Embed Pods Frameworks */ = {
			isa = PBXShellScriptBuildPhase;
			buildActionMask = 2147483647;
			files = (
			);
			inputPaths = (
			);
			name = "[CP] Embed Pods Frameworks";
			outputPaths = (
			);
			runOnlyForDeploymentPostprocessing = 0;
			shellPath = /bin/sh;
			shellScript = "\"${SRCROOT}/Pods/Target Support Files/Pods-GitHubStatusUITests/Pods-GitHubStatusUITests-frameworks.sh\"\n";
			showEnvVarsInLog = 0;
		};
		17D0CCFBBB3B17F3726C243F /* [CP] Check Pods Manifest.lock */ = {
			isa = PBXShellScriptBuildPhase;
			buildActionMask = 2147483647;
			files = (
			);
			inputPaths = (
			);
			name = "[CP] Check Pods Manifest.lock";
			outputPaths = (
			);
			runOnlyForDeploymentPostprocessing = 0;
			shellPath = /bin/sh;
			shellScript = "diff \"${PODS_ROOT}/../Podfile.lock\" \"${PODS_ROOT}/Manifest.lock\" > /dev/null\nif [ $? != 0 ] ; then\n    # print error to STDERR\n    echo \"error: The sandbox is not in sync with the Podfile.lock. Run 'pod install' or update your CocoaPods installation.\" >&2\n    exit 1\nfi\n";
			showEnvVarsInLog = 0;
		};
		18B7474AF287FCFA3AC4685D /* [CP] Embed Pods Frameworks */ = {
			isa = PBXShellScriptBuildPhase;
			buildActionMask = 2147483647;
			files = (
			);
			inputPaths = (
			);
			name = "[CP] Embed Pods Frameworks";
			outputPaths = (
			);
			runOnlyForDeploymentPostprocessing = 0;
			shellPath = /bin/sh;
			shellScript = "\"${SRCROOT}/Pods/Target Support Files/Pods-GitHubStatus/Pods-GitHubStatus-frameworks.sh\"\n";
			showEnvVarsInLog = 0;
		};
		1C0A603D8B6A4A4E7B6523D1 /* [CP] Copy Pods Resources */ = {
			isa = PBXShellScriptBuildPhase;
			buildActionMask = 2147483647;
			files = (
			);
			inputPaths = (
			);
			name = "[CP] Copy Pods Resources";
			outputPaths = (
			);
			runOnlyForDeploymentPostprocessing = 0;
			shellPath = /bin/sh;
			shellScript = "\"${SRCROOT}/Pods/Target Support Files/Pods-GitHubStatusTests/Pods-GitHubStatusTests-resources.sh\"\n";
			showEnvVarsInLog = 0;
		};
		3BFC0AEF7A5B72B3B3F84326 /* [CP] Copy Pods Resources */ = {
			isa = PBXShellScriptBuildPhase;
			buildActionMask = 2147483647;
			files = (
			);
			inputPaths = (
			);
			name = "[CP] Copy Pods Resources";
			outputPaths = (
			);
			runOnlyForDeploymentPostprocessing = 0;
			shellPath = /bin/sh;
			shellScript = "\"${SRCROOT}/Pods/Target Support Files/Pods-GitHubStatus/Pods-GitHubStatus-resources.sh\"\n";
			showEnvVarsInLog = 0;
		};
		43146745CFB3B92DC68EA273 /* [CP] Check Pods Manifest.lock */ = {
			isa = PBXShellScriptBuildPhase;
			buildActionMask = 2147483647;
			files = (
			);
			inputPaths = (
			);
			name = "[CP] Check Pods Manifest.lock";
			outputPaths = (
			);
			runOnlyForDeploymentPostprocessing = 0;
			shellPath = /bin/sh;
			shellScript = "diff \"${PODS_ROOT}/../Podfile.lock\" \"${PODS_ROOT}/Manifest.lock\" > /dev/null\nif [ $? != 0 ] ; then\n    # print error to STDERR\n    echo \"error: The sandbox is not in sync with the Podfile.lock. Run 'pod install' or update your CocoaPods installation.\" >&2\n    exit 1\nfi\n";
			showEnvVarsInLog = 0;
		};
		AF4678F0CE2BA19B7C00DBEE /* [CP] Check Pods Manifest.lock */ = {
			isa = PBXShellScriptBuildPhase;
			buildActionMask = 2147483647;
			files = (
			);
			inputPaths = (
			);
			name = "[CP] Check Pods Manifest.lock";
			outputPaths = (
			);
			runOnlyForDeploymentPostprocessing = 0;
			shellPath = /bin/sh;
			shellScript = "diff \"${PODS_ROOT}/../Podfile.lock\" \"${PODS_ROOT}/Manifest.lock\" > /dev/null\nif [ $? != 0 ] ; then\n    # print error to STDERR\n    echo \"error: The sandbox is not in sync with the Podfile.lock. Run 'pod install' or update your CocoaPods installation.\" >&2\n    exit 1\nfi\n";
			showEnvVarsInLog = 0;
		};
		E18CC29D859ACEF667F98BD3 /* [CP] Embed Pods Frameworks */ = {
			isa = PBXShellScriptBuildPhase;
			buildActionMask = 2147483647;
			files = (
			);
			inputPaths = (
			);
			name = "[CP] Embed Pods Frameworks";
			outputPaths = (
			);
			runOnlyForDeploymentPostprocessing = 0;
			shellPath = /bin/sh;
			shellScript = "\"${SRCROOT}/Pods/Target Support Files/Pods-GitHubStatusTests/Pods-GitHubStatusTests-frameworks.sh\"\n";
			showEnvVarsInLog = 0;
		};
		E6D2B59429DCBF439127C0B4 /* [CP] Copy Pods Resources */ = {
			isa = PBXShellScriptBuildPhase;
			buildActionMask = 2147483647;
			files = (
			);
			inputPaths = (
			);
			name = "[CP] Copy Pods Resources";
			outputPaths = (
			);
			runOnlyForDeploymentPostprocessing = 0;
			shellPath = /bin/sh;
			shellScript = "\"${SRCROOT}/Pods/Target Support Files/Pods-GitHubStatusUITests/Pods-GitHubStatusUITests-resources.sh\"\n";
			showEnvVarsInLog = 0;
		};
/* End PBXShellScriptBuildPhase section */

/* Begin PBXSourcesBuildPhase section */
		9FBF40F01E55E349008688B0 /* Sources */ = {
			isa = PBXSourcesBuildPhase;
			buildActionMask = 2147483647;
			files = (
				9FBF40FA1E55E349008688B0 /* ViewController.swift in Sources */,
				9FBF40F81E55E349008688B0 /* AppDelegate.swift in Sources */,
				9FBF41001E55E349008688B0 /* GitHubStatus.xcdatamodeld in Sources */,
			);
			runOnlyForDeploymentPostprocessing = 0;
		};
		9FBF41071E55E349008688B0 /* Sources */ = {
			isa = PBXSourcesBuildPhase;
			buildActionMask = 2147483647;
			files = (
				9FBF41101E55E349008688B0 /* GitHubStatusTests.swift in Sources */,
			);
			runOnlyForDeploymentPostprocessing = 0;
		};
		9FBF41121E55E349008688B0 /* Sources */ = {
			isa = PBXSourcesBuildPhase;
			buildActionMask = 2147483647;
			files = (
				9FBF411B1E55E349008688B0 /* GitHubStatusUITests.swift in Sources */,
			);
			runOnlyForDeploymentPostprocessing = 0;
		};
/* End PBXSourcesBuildPhase section */

/* Begin PBXTargetDependency section */
		9FBF410D1E55E349008688B0 /* PBXTargetDependency */ = {
			isa = PBXTargetDependency;
			target = 9FBF40F31E55E349008688B0 /* GitHubStatus */;
			targetProxy = 9FBF410C1E55E349008688B0 /* PBXContainerItemProxy */;
		};
		9FBF41181E55E349008688B0 /* PBXTargetDependency */ = {
			isa = PBXTargetDependency;
			target = 9FBF40F31E55E349008688B0 /* GitHubStatus */;
			targetProxy = 9FBF41171E55E349008688B0 /* PBXContainerItemProxy */;
		};
/* End PBXTargetDependency section */

/* Begin PBXVariantGroup section */
		9FBF40FB1E55E349008688B0 /* Main.storyboard */ = {
			isa = PBXVariantGroup;
			children = (
				9FBF40FC1E55E349008688B0 /* Base */,
			);
			name = Main.storyboard;
			sourceTree = "<group>";
		};
		9FBF41031E55E349008688B0 /* LaunchScreen.storyboard */ = {
			isa = PBXVariantGroup;
			children = (
				9FBF41041E55E349008688B0 /* Base */,
			);
			name = LaunchScreen.storyboard;
			sourceTree = "<group>";
		};
/* End PBXVariantGroup section */

/* Begin XCBuildConfiguration section */
		9FBF411D1E55E349008688B0 /* Debug */ = {
			isa = XCBuildConfiguration;
			buildSettings = {
				ALWAYS_SEARCH_USER_PATHS = NO;
				CLANG_ANALYZER_NONNULL = YES;
				CLANG_CXX_LANGUAGE_STANDARD = "gnu++0x";
				CLANG_CXX_LIBRARY = "libc++";
				CLANG_ENABLE_MODULES = YES;
				CLANG_ENABLE_OBJC_ARC = YES;
				CLANG_WARN_BOOL_CONVERSION = YES;
				CLANG_WARN_CONSTANT_CONVERSION = YES;
				CLANG_WARN_DIRECT_OBJC_ISA_USAGE = YES_ERROR;
				CLANG_WARN_DOCUMENTATION_COMMENTS = YES;
				CLANG_WARN_EMPTY_BODY = YES;
				CLANG_WARN_ENUM_CONVERSION = YES;
				CLANG_WARN_INFINITE_RECURSION = YES;
				CLANG_WARN_INT_CONVERSION = YES;
				CLANG_WARN_OBJC_ROOT_CLASS = YES_ERROR;
				CLANG_WARN_SUSPICIOUS_MOVE = YES;
				CLANG_WARN_UNREACHABLE_CODE = YES;
				CLANG_WARN__DUPLICATE_METHOD_MATCH = YES;
				"CODE_SIGN_IDENTITY[sdk=iphoneos*]" = "iPhone Developer";
				COPY_PHASE_STRIP = NO;
				DEBUG_INFORMATION_FORMAT = dwarf;
				ENABLE_STRICT_OBJC_MSGSEND = YES;
				ENABLE_TESTABILITY = YES;
				GCC_C_LANGUAGE_STANDARD = gnu99;
				GCC_DYNAMIC_NO_PIC = NO;
				GCC_NO_COMMON_BLOCKS = YES;
				GCC_OPTIMIZATION_LEVEL = 0;
				GCC_PREPROCESSOR_DEFINITIONS = (
					"DEBUG=1",
					"$(inherited)",
				);
				GCC_WARN_64_TO_32_BIT_CONVERSION = YES;
				GCC_WARN_ABOUT_RETURN_TYPE = YES_ERROR;
				GCC_WARN_UNDECLARED_SELECTOR = YES;
				GCC_WARN_UNINITIALIZED_AUTOS = YES_AGGRESSIVE;
				GCC_WARN_UNUSED_FUNCTION = YES;
				GCC_WARN_UNUSED_VARIABLE = YES;
				IPHONEOS_DEPLOYMENT_TARGET = 10.2;
				MTL_ENABLE_DEBUG_INFO = YES;
				ONLY_ACTIVE_ARCH = YES;
				SDKROOT = iphoneos;
				SWIFT_ACTIVE_COMPILATION_CONDITIONS = DEBUG;
				SWIFT_OPTIMIZATION_LEVEL = "-Onone";
			};
			name = Debug;
		};
		9FBF411E1E55E349008688B0 /* Release */ = {
			isa = XCBuildConfiguration;
			buildSettings = {
				ALWAYS_SEARCH_USER_PATHS = NO;
				CLANG_ANALYZER_NONNULL = YES;
				CLANG_CXX_LANGUAGE_STANDARD = "gnu++0x";
				CLANG_CXX_LIBRARY = "libc++";
				CLANG_ENABLE_MODULES = YES;
				CLANG_ENABLE_OBJC_ARC = YES;
				CLANG_WARN_BOOL_CONVERSION = YES;
				CLANG_WARN_CONSTANT_CONVERSION = YES;
				CLANG_WARN_DIRECT_OBJC_ISA_USAGE = YES_ERROR;
				CLANG_WARN_DOCUMENTATION_COMMENTS = YES;
				CLANG_WARN_EMPTY_BODY = YES;
				CLANG_WARN_ENUM_CONVERSION = YES;
				CLANG_WARN_INFINITE_RECURSION = YES;
				CLANG_WARN_INT_CONVERSION = YES;
				CLANG_WARN_OBJC_ROOT_CLASS = YES_ERROR;
				CLANG_WARN_SUSPICIOUS_MOVE = YES;
				CLANG_WARN_UNREACHABLE_CODE = YES;
				CLANG_WARN__DUPLICATE_METHOD_MATCH = YES;
				"CODE_SIGN_IDENTITY[sdk=iphoneos*]" = "iPhone Developer";
				COPY_PHASE_STRIP = NO;
				DEBUG_INFORMATION_FORMAT = "dwarf-with-dsym";
				ENABLE_NS_ASSERTIONS = NO;
				ENABLE_STRICT_OBJC_MSGSEND = YES;
				GCC_C_LANGUAGE_STANDARD = gnu99;
				GCC_NO_COMMON_BLOCKS = YES;
				GCC_WARN_64_TO_32_BIT_CONVERSION = YES;
				GCC_WARN_ABOUT_RETURN_TYPE = YES_ERROR;
				GCC_WARN_UNDECLARED_SELECTOR = YES;
				GCC_WARN_UNINITIALIZED_AUTOS = YES_AGGRESSIVE;
				GCC_WARN_UNUSED_FUNCTION = YES;
				GCC_WARN_UNUSED_VARIABLE = YES;
				IPHONEOS_DEPLOYMENT_TARGET = 10.2;
				MTL_ENABLE_DEBUG_INFO = NO;
				SDKROOT = iphoneos;
				SWIFT_OPTIMIZATION_LEVEL = "-Owholemodule";
				VALIDATE_PRODUCT = YES;
			};
			name = Release;
		};
		9FBF41201E55E349008688B0 /* Debug */ = {
			isa = XCBuildConfiguration;
			baseConfigurationReference = 9706AC9D5B8E3109C01BDF94 /* Pods-GitHubStatus.debug.xcconfig */;
			buildSettings = {
				ASSETCATALOG_COMPILER_APPICON_NAME = AppIcon;
				DEVELOPMENT_TEAM = 6JBM5ZNF6C;
				FRAMEWORK_SEARCH_PATHS = (
					"$(inherited)",
					"$(PROJECT_DIR)/build/Debug-iphoneos/AFNetworking",
				);
				INFOPLIST_FILE = GitHubStatus/Info.plist;
				LD_RUNPATH_SEARCH_PATHS = "$(inherited) @executable_path/Frameworks";
				PRODUCT_BUNDLE_IDENTIFIER = io.tom.GitHubStatus;
				PRODUCT_NAME = "$(TARGET_NAME)";
				SWIFT_VERSION = 3.0;
			};
			name = Debug;
		};
		9FBF41211E55E349008688B0 /* Release */ = {
			isa = XCBuildConfiguration;
			baseConfigurationReference = 425D83490898FBD6A07B6C17 /* Pods-GitHubStatus.release.xcconfig */;
			buildSettings = {
				ASSETCATALOG_COMPILER_APPICON_NAME = AppIcon;
				DEVELOPMENT_TEAM = 6JBM5ZNF6C;
				FRAMEWORK_SEARCH_PATHS = (
					"$(inherited)",
					"$(PROJECT_DIR)/build/Debug-iphoneos/AFNetworking",
				);
				INFOPLIST_FILE = GitHubStatus/Info.plist;
				LD_RUNPATH_SEARCH_PATHS = "$(inherited) @executable_path/Frameworks";
				PRODUCT_BUNDLE_IDENTIFIER = io.tom.GitHubStatus;
				PRODUCT_NAME = "$(TARGET_NAME)";
				SWIFT_VERSION = 3.0;
			};
			name = Release;
		};
		9FBF41231E55E349008688B0 /* Debug */ = {
			isa = XCBuildConfiguration;
			baseConfigurationReference = B883FAE050F6EDD2714C50D1 /* Pods-GitHubStatusTests.debug.xcconfig */;
			buildSettings = {
				ALWAYS_EMBED_SWIFT_STANDARD_LIBRARIES = YES;
				BUNDLE_LOADER = "$(TEST_HOST)";
				DEVELOPMENT_TEAM = 6JBM5ZNF6C;
				INFOPLIST_FILE = GitHubStatusTests/Info.plist;
				LD_RUNPATH_SEARCH_PATHS = "$(inherited) @executable_path/Frameworks @loader_path/Frameworks";
				PRODUCT_BUNDLE_IDENTIFIER = io.tom.GitHubStatusTests;
				PRODUCT_NAME = "$(TARGET_NAME)";
				SWIFT_VERSION = 3.0;
				TEST_HOST = "$(BUILT_PRODUCTS_DIR)/GitHubStatus.app/GitHubStatus";
			};
			name = Debug;
		};
		9FBF41241E55E349008688B0 /* Release */ = {
			isa = XCBuildConfiguration;
			baseConfigurationReference = 0EEF84CB6AA64B91FBE821AE /* Pods-GitHubStatusTests.release.xcconfig */;
			buildSettings = {
				ALWAYS_EMBED_SWIFT_STANDARD_LIBRARIES = YES;
				BUNDLE_LOADER = "$(TEST_HOST)";
				DEVELOPMENT_TEAM = 6JBM5ZNF6C;
				INFOPLIST_FILE = GitHubStatusTests/Info.plist;
				LD_RUNPATH_SEARCH_PATHS = "$(inherited) @executable_path/Frameworks @loader_path/Frameworks";
				PRODUCT_BUNDLE_IDENTIFIER = io.tom.GitHubStatusTests;
				PRODUCT_NAME = "$(TARGET_NAME)";
				SWIFT_VERSION = 3.0;
				TEST_HOST = "$(BUILT_PRODUCTS_DIR)/GitHubStatus.app/GitHubStatus";
			};
			name = Release;
		};
		9FBF41261E55E349008688B0 /* Debug */ = {
			isa = XCBuildConfiguration;
			baseConfigurationReference = 9474EA209C54A8636522C881 /* Pods-GitHubStatusUITests.debug.xcconfig */;
			buildSettings = {
				ALWAYS_EMBED_SWIFT_STANDARD_LIBRARIES = YES;
				DEVELOPMENT_TEAM = 6JBM5ZNF6C;
				INFOPLIST_FILE = GitHubStatusUITests/Info.plist;
				LD_RUNPATH_SEARCH_PATHS = "$(inherited) @executable_path/Frameworks @loader_path/Frameworks";
				PRODUCT_BUNDLE_IDENTIFIER = io.tom.GitHubStatusUITests;
				PRODUCT_NAME = "$(TARGET_NAME)";
				SWIFT_VERSION = 3.0;
				TEST_TARGET_NAME = GitHubStatus;
			};
			name = Debug;
		};
		9FBF41271E55E349008688B0 /* Release */ = {
			isa = XCBuildConfiguration;
			baseConfigurationReference = 49FF4567D45B87F390A791FC /* Pods-GitHubStatusUITests.release.xcconfig */;
			buildSettings = {
				ALWAYS_EMBED_SWIFT_STANDARD_LIBRARIES = YES;
				DEVELOPMENT_TEAM = 6JBM5ZNF6C;
				INFOPLIST_FILE = GitHubStatusUITests/Info.plist;
				LD_RUNPATH_SEARCH_PATHS = "$(inherited) @executable_path/Frameworks @loader_path/Frameworks";
				PRODUCT_BUNDLE_IDENTIFIER = io.tom.GitHubStatusUITests;
				PRODUCT_NAME = "$(TARGET_NAME)";
				SWIFT_VERSION = 3.0;
				TEST_TARGET_NAME = GitHubStatus;
			};
			name = Release;
		};
/* End XCBuildConfiguration section */

/* Begin XCConfigurationList section */
		9FBF40EF1E55E349008688B0 /* Build configuration list for PBXProject "GitHubStatus" */ = {
			isa = XCConfigurationList;
			buildConfigurations = (
				9FBF411D1E55E349008688B0 /* Debug */,
				9FBF411E1E55E349008688B0 /* Release */,
			);
			defaultConfigurationIsVisible = 0;
			defaultConfigurationName = Release;
		};
		9FBF411F1E55E349008688B0 /* Build configuration list for PBXNativeTarget "GitHubStatus" */ = {
			isa = XCConfigurationList;
			buildConfigurations = (
				9FBF41201E55E349008688B0 /* Debug */,
				9FBF41211E55E349008688B0 /* Release */,
			);
			defaultConfigurationIsVisible = 0;
			defaultConfigurationName = Release;
		};
		9FBF41221E55E349008688B0 /* Build configuration list for PBXNativeTarget "GitHubStatusTests" */ = {
			isa = XCConfigurationList;
			buildConfigurations = (
				9FBF41231E55E349008688B0 /* Debug */,
				9FBF41241E55E349008688B0 /* Release */,
			);
			defaultConfigurationIsVisible = 0;
			defaultConfigurationName = Release;
		};
		9FBF41251E55E349008688B0 /* Build configuration list for PBXNativeTarget "GitHubStatusUITests" */ = {
			isa = XCConfigurationList;
			buildConfigurations = (
				9FBF41261E55E349008688B0 /* Debug */,
				9FBF41271E55E349008688B0 /* Release */,
			);
			defaultConfigurationIsVisible = 0;
			defaultConfigurationName = Release;
		};
/* End XCConfigurationList section */

/* Begin XCVersionGroup section */
		9FBF40FE1E55E349008688B0 /* GitHubStatus.xcdatamodeld */ = {
			isa = XCVersionGroup;
			children = (
				9FBF40FF1E55E349008688B0 /* GitHubStatus.xcdatamodel */,
			);
			currentVersion = 9FBF40FF1E55E349008688B0 /* GitHubStatus.xcdatamodel */;
			path = GitHubStatus.xcdatamodeld;
			sourceTree = "<group>";
			versionGroupType = wrapper.xcdatamodel;
		};
/* End XCVersionGroup section */
	};
	rootObject = 9FBF40EC1E55E349008688B0 /* Project object */;
}
